
Microsoft Visual Studio Solution File, Format Version 12.00
# Visual Studio 15
VisualStudioVersion = 15.0.26124.0
MinimumVisualStudioVersion = 15.0.26124.0
Project("{2150E333-8FDC-42A3-9474-1A3956D46DE8}") = "src", "src", "{587DF704-BD3F-41FF-A468-289BB83BBEF7}"
EndProject
Project("{FAE04EC0-301F-11D3-BF4B-00C04F79EFBC}") = "HDWallet.Secp256k1", "src\HDWallet.Secp256k1\HDWallet.Secp256k1.csproj", "{7B79A3A5-689E-4E37-B0D1-E4C11420646B}"
EndProject
Project("{FAE04EC0-301F-11D3-BF4B-00C04F79EFBC}") = "HDWallet.Tron", "src\HDWallet.Tron\HDWallet.Tron.csproj", "{73AF8395-DC87-4639-8701-A29D0A4058CC}"
EndProject
Project("{2150E333-8FDC-42A3-9474-1A3956D46DE8}") = "test", "test", "{73CF8F5A-07F9-477C-8F47-507158E4C68C}"
EndProject
Project("{FAE04EC0-301F-11D3-BF4B-00C04F79EFBC}") = "HDWallet.Secp256k1.Tests", "test\HDWallet.Secp256k1.Tests\HDWallet.Secp256k1.Tests.csproj", "{DF597431-381B-4B07-8A9D-784A51C99C9E}"
EndProject
Project("{FAE04EC0-301F-11D3-BF4B-00C04F79EFBC}") = "HDWallet.Tron.Tests", "test\HDWallet.Tron.Tests\HDWallet.Tron.Tests.csproj", "{36B257ED-E717-4CE6-A8E8-55EDB812BCDD}"
EndProject
Project("{FAE04EC0-301F-11D3-BF4B-00C04F79EFBC}") = "HDWallet.Ed25519", "src\HDWallet.Ed25519\HDWallet.Ed25519.csproj", "{538E7040-06F3-44D9-A0FA-27BD393C85B1}"
EndProject
Project("{FAE04EC0-301F-11D3-BF4B-00C04F79EFBC}") = "HDWallet.Ed25519.Tests", "test\HDWallet.Ed25519.Tests\HDWallet.Ed25519.Tests.csproj", "{A932B37F-7E04-47A2-AECF-BD097FDF2437}"
EndProject
Project("{FAE04EC0-301F-11D3-BF4B-00C04F79EFBC}") = "HDWallet.Core.Tests", "test\HDWallet.Core.Tests\HDWallet.Core.Tests.csproj", "{76FB54E3-17A7-48BE-A2C9-99D17C4CAA4E}"
EndProject
Global
	GlobalSection(SolutionConfigurationPlatforms) = preSolution
		Debug|Any CPU = Debug|Any CPU
		Debug|x64 = Debug|x64
		Debug|x86 = Debug|x86
		Release|Any CPU = Release|Any CPU
		Release|x64 = Release|x64
		Release|x86 = Release|x86
	EndGlobalSection
	GlobalSection(SolutionProperties) = preSolution
		HideSolutionNode = FALSE
	EndGlobalSection
	GlobalSection(ProjectConfigurationPlatforms) = postSolution
		{7B79A3A5-689E-4E37-B0D1-E4C11420646B}.Debug|Any CPU.ActiveCfg = Debug|Any CPU
		{7B79A3A5-689E-4E37-B0D1-E4C11420646B}.Debug|Any CPU.Build.0 = Debug|Any CPU
		{7B79A3A5-689E-4E37-B0D1-E4C11420646B}.Debug|x64.ActiveCfg = Debug|Any CPU
		{7B79A3A5-689E-4E37-B0D1-E4C11420646B}.Debug|x64.Build.0 = Debug|Any CPU
		{7B79A3A5-689E-4E37-B0D1-E4C11420646B}.Debug|x86.ActiveCfg = Debug|Any CPU
		{7B79A3A5-689E-4E37-B0D1-E4C11420646B}.Debug|x86.Build.0 = Debug|Any CPU
		{7B79A3A5-689E-4E37-B0D1-E4C11420646B}.Release|Any CPU.ActiveCfg = Release|Any CPU
		{7B79A3A5-689E-4E37-B0D1-E4C11420646B}.Release|Any CPU.Build.0 = Release|Any CPU
		{7B79A3A5-689E-4E37-B0D1-E4C11420646B}.Release|x64.ActiveCfg = Release|Any CPU
		{7B79A3A5-689E-4E37-B0D1-E4C11420646B}.Release|x64.Build.0 = Release|Any CPU
		{7B79A3A5-689E-4E37-B0D1-E4C11420646B}.Release|x86.ActiveCfg = Release|Any CPU
		{7B79A3A5-689E-4E37-B0D1-E4C11420646B}.Release|x86.Build.0 = Release|Any CPU
		{73AF8395-DC87-4639-8701-A29D0A4058CC}.Debug|Any CPU.ActiveCfg = Debug|Any CPU
		{73AF8395-DC87-4639-8701-A29D0A4058CC}.Debug|Any CPU.Build.0 = Debug|Any CPU
		{73AF8395-DC87-4639-8701-A29D0A4058CC}.Debug|x64.ActiveCfg = Debug|Any CPU
		{73AF8395-DC87-4639-8701-A29D0A4058CC}.Debug|x64.Build.0 = Debug|Any CPU
		{73AF8395-DC87-4639-8701-A29D0A4058CC}.Debug|x86.ActiveCfg = Debug|Any CPU
		{73AF8395-DC87-4639-8701-A29D0A4058CC}.Debug|x86.Build.0 = Debug|Any CPU
		{73AF8395-DC87-4639-8701-A29D0A4058CC}.Release|Any CPU.ActiveCfg = Release|Any CPU
		{73AF8395-DC87-4639-8701-A29D0A4058CC}.Release|Any CPU.Build.0 = Release|Any CPU
		{73AF8395-DC87-4639-8701-A29D0A4058CC}.Release|x64.ActiveCfg = Release|Any CPU
		{73AF8395-DC87-4639-8701-A29D0A4058CC}.Release|x64.Build.0 = Release|Any CPU
		{73AF8395-DC87-4639-8701-A29D0A4058CC}.Release|x86.ActiveCfg = Release|Any CPU
		{73AF8395-DC87-4639-8701-A29D0A4058CC}.Release|x86.Build.0 = Release|Any CPU
		{DF597431-381B-4B07-8A9D-784A51C99C9E}.Debug|Any CPU.ActiveCfg = Debug|Any CPU
		{DF597431-381B-4B07-8A9D-784A51C99C9E}.Debug|Any CPU.Build.0 = Debug|Any CPU
		{DF597431-381B-4B07-8A9D-784A51C99C9E}.Debug|x64.ActiveCfg = Debug|Any CPU
		{DF597431-381B-4B07-8A9D-784A51C99C9E}.Debug|x64.Build.0 = Debug|Any CPU
		{DF597431-381B-4B07-8A9D-784A51C99C9E}.Debug|x86.ActiveCfg = Debug|Any CPU
		{DF597431-381B-4B07-8A9D-784A51C99C9E}.Debug|x86.Build.0 = Debug|Any CPU
		{DF597431-381B-4B07-8A9D-784A51C99C9E}.Release|Any CPU.ActiveCfg = Release|Any CPU
		{DF597431-381B-4B07-8A9D-784A51C99C9E}.Release|Any CPU.Build.0 = Release|Any CPU
		{DF597431-381B-4B07-8A9D-784A51C99C9E}.Release|x64.ActiveCfg = Release|Any CPU
		{DF597431-381B-4B07-8A9D-784A51C99C9E}.Release|x64.Build.0 = Release|Any CPU
		{DF597431-381B-4B07-8A9D-784A51C99C9E}.Release|x86.ActiveCfg = Release|Any CPU
		{DF597431-381B-4B07-8A9D-784A51C99C9E}.Release|x86.Build.0 = Release|Any CPU
		{36B257ED-E717-4CE6-A8E8-55EDB812BCDD}.Debug|Any CPU.ActiveCfg = Debug|Any CPU
		{36B257ED-E717-4CE6-A8E8-55EDB812BCDD}.Debug|Any CPU.Build.0 = Debug|Any CPU
		{36B257ED-E717-4CE6-A8E8-55EDB812BCDD}.Debug|x64.ActiveCfg = Debug|Any CPU
		{36B257ED-E717-4CE6-A8E8-55EDB812BCDD}.Debug|x64.Build.0 = Debug|Any CPU
		{36B257ED-E717-4CE6-A8E8-55EDB812BCDD}.Debug|x86.ActiveCfg = Debug|Any CPU
		{36B257ED-E717-4CE6-A8E8-55EDB812BCDD}.Debug|x86.Build.0 = Debug|Any CPU
		{36B257ED-E717-4CE6-A8E8-55EDB812BCDD}.Release|Any CPU.ActiveCfg = Release|Any CPU
		{36B257ED-E717-4CE6-A8E8-55EDB812BCDD}.Release|Any CPU.Build.0 = Release|Any CPU
		{36B257ED-E717-4CE6-A8E8-55EDB812BCDD}.Release|x64.ActiveCfg = Release|Any CPU
		{36B257ED-E717-4CE6-A8E8-55EDB812BCDD}.Release|x64.Build.0 = Release|Any CPU
		{36B257ED-E717-4CE6-A8E8-55EDB812BCDD}.Release|x86.ActiveCfg = Release|Any CPU
		{36B257ED-E717-4CE6-A8E8-55EDB812BCDD}.Release|x86.Build.0 = Release|Any CPU
		{538E7040-06F3-44D9-A0FA-27BD393C85B1}.Debug|Any CPU.ActiveCfg = Debug|Any CPU
		{538E7040-06F3-44D9-A0FA-27BD393C85B1}.Debug|Any CPU.Build.0 = Debug|Any CPU
		{538E7040-06F3-44D9-A0FA-27BD393C85B1}.Debug|x64.ActiveCfg = Debug|Any CPU
		{538E7040-06F3-44D9-A0FA-27BD393C85B1}.Debug|x64.Build.0 = Debug|Any CPU
		{538E7040-06F3-44D9-A0FA-27BD393C85B1}.Debug|x86.ActiveCfg = Debug|Any CPU
		{538E7040-06F3-44D9-A0FA-27BD393C85B1}.Debug|x86.Build.0 = Debug|Any CPU
		{538E7040-06F3-44D9-A0FA-27BD393C85B1}.Release|Any CPU.ActiveCfg = Release|Any CPU
		{538E7040-06F3-44D9-A0FA-27BD393C85B1}.Release|Any CPU.Build.0 = Release|Any CPU
		{538E7040-06F3-44D9-A0FA-27BD393C85B1}.Release|x64.ActiveCfg = Release|Any CPU
		{538E7040-06F3-44D9-A0FA-27BD393C85B1}.Release|x64.Build.0 = Release|Any CPU
		{538E7040-06F3-44D9-A0FA-27BD393C85B1}.Release|x86.ActiveCfg = Release|Any CPU
		{538E7040-06F3-44D9-A0FA-27BD393C85B1}.Release|x86.Build.0 = Release|Any CPU
		{A932B37F-7E04-47A2-AECF-BD097FDF2437}.Debug|Any CPU.ActiveCfg = Debug|Any CPU
		{A932B37F-7E04-47A2-AECF-BD097FDF2437}.Debug|Any CPU.Build.0 = Debug|Any CPU
		{A932B37F-7E04-47A2-AECF-BD097FDF2437}.Debug|x64.ActiveCfg = Debug|Any CPU
		{A932B37F-7E04-47A2-AECF-BD097FDF2437}.Debug|x64.Build.0 = Debug|Any CPU
		{A932B37F-7E04-47A2-AECF-BD097FDF2437}.Debug|x86.ActiveCfg = Debug|Any CPU
		{A932B37F-7E04-47A2-AECF-BD097FDF2437}.Debug|x86.Build.0 = Debug|Any CPU
		{A932B37F-7E04-47A2-AECF-BD097FDF2437}.Release|Any CPU.ActiveCfg = Release|Any CPU
		{A932B37F-7E04-47A2-AECF-BD097FDF2437}.Release|Any CPU.Build.0 = Release|Any CPU
		{A932B37F-7E04-47A2-AECF-BD097FDF2437}.Release|x64.ActiveCfg = Release|Any CPU
		{A932B37F-7E04-47A2-AECF-BD097FDF2437}.Release|x64.Build.0 = Release|Any CPU
		{A932B37F-7E04-47A2-AECF-BD097FDF2437}.Release|x86.ActiveCfg = Release|Any CPU
		{A932B37F-7E04-47A2-AECF-BD097FDF2437}.Release|x86.Build.0 = Release|Any CPU
		{76FB54E3-17A7-48BE-A2C9-99D17C4CAA4E}.Debug|Any CPU.ActiveCfg = Debug|Any CPU
		{76FB54E3-17A7-48BE-A2C9-99D17C4CAA4E}.Debug|Any CPU.Build.0 = Debug|Any CPU
		{76FB54E3-17A7-48BE-A2C9-99D17C4CAA4E}.Debug|x64.ActiveCfg = Debug|Any CPU
		{76FB54E3-17A7-48BE-A2C9-99D17C4CAA4E}.Debug|x64.Build.0 = Debug|Any CPU
		{76FB54E3-17A7-48BE-A2C9-99D17C4CAA4E}.Debug|x86.ActiveCfg = Debug|Any CPU
		{76FB54E3-17A7-48BE-A2C9-99D17C4CAA4E}.Debug|x86.Build.0 = Debug|Any CPU
		{76FB54E3-17A7-48BE-A2C9-99D17C4CAA4E}.Release|Any CPU.ActiveCfg = Release|Any CPU
		{76FB54E3-17A7-48BE-A2C9-99D17C4CAA4E}.Release|Any CPU.Build.0 = Release|Any CPU
		{76FB54E3-17A7-48BE-A2C9-99D17C4CAA4E}.Release|x64.ActiveCfg = Release|Any CPU
		{76FB54E3-17A7-48BE-A2C9-99D17C4CAA4E}.Release|x64.Build.0 = Release|Any CPU
		{76FB54E3-17A7-48BE-A2C9-99D17C4CAA4E}.Release|x86.ActiveCfg = Release|Any CPU
		{76FB54E3-17A7-48BE-A2C9-99D17C4CAA4E}.Release|x86.Build.0 = Release|Any CPU
	EndGlobalSection
	GlobalSection(NestedProjects) = preSolution
		{7B79A3A5-689E-4E37-B0D1-E4C11420646B} = {587DF704-BD3F-41FF-A468-289BB83BBEF7}
		{73AF8395-DC87-4639-8701-A29D0A4058CC} = {587DF704-BD3F-41FF-A468-289BB83BBEF7}
		{DF597431-381B-4B07-8A9D-784A51C99C9E} = {73CF8F5A-07F9-477C-8F47-507158E4C68C}
		{36B257ED-E717-4CE6-A8E8-55EDB812BCDD} = {73CF8F5A-07F9-477C-8F47-507158E4C68C}
		{538E7040-06F3-44D9-A0FA-27BD393C85B1} = {587DF704-BD3F-41FF-A468-289BB83BBEF7}
		{A932B37F-7E04-47A2-AECF-BD097FDF2437} = {73CF8F5A-07F9-477C-8F47-507158E4C68C}
		{76FB54E3-17A7-48BE-A2C9-99D17C4CAA4E} = {73CF8F5A-07F9-477C-8F47-507158E4C68C}
	EndGlobalSection
EndGlobal
