
Microsoft Visual Studio Solution File, Format Version 12.00
# Visual Studio Version 16
VisualStudioVersion = 16.0.30413.136
MinimumVisualStudioVersion = 15.0.26124.0
Project("{2150E333-8FDC-42A3-9474-1A3956D46DE8}") = "src", "src", "{587DF704-BD3F-41FF-A468-289BB83BBEF7}"
EndProject
Project("{9A19103F-16F7-4668-BE54-9A1E7A4F7556}") = "HDWallet.Secp256k1", "src\HDWallet.Secp256k1\HDWallet.Secp256k1.csproj", "{7B79A3A5-689E-4E37-B0D1-E4C11420646B}"
EndProject
Project("{9A19103F-16F7-4668-BE54-9A1E7A4F7556}") = "HDWallet.Tron", "src\HDWallet.Tron\HDWallet.Tron.csproj", "{73AF8395-DC87-4639-8701-A29D0A4058CC}"
EndProject
Project("{2150E333-8FDC-42A3-9474-1A3956D46DE8}") = "test", "test", "{73CF8F5A-07F9-477C-8F47-507158E4C68C}"
EndProject
Project("{9A19103F-16F7-4668-BE54-9A1E7A4F7556}") = "HDWallet.Secp256k1.Tests", "test\HDWallet.Secp256k1.Tests\HDWallet.Secp256k1.Tests.csproj", "{DF597431-381B-4B07-8A9D-784A51C99C9E}"
EndProject
Project("{9A19103F-16F7-4668-BE54-9A1E7A4F7556}") = "HDWallet.Tron.Tests", "test\HDWallet.Tron.Tests\HDWallet.Tron.Tests.csproj", "{36B257ED-E717-4CE6-A8E8-55EDB812BCDD}"
EndProject
Project("{9A19103F-16F7-4668-BE54-9A1E7A4F7556}") = "HDWallet.Ed25519.Tests", "test\HDWallet.Ed25519.Tests\HDWallet.Ed25519.Tests.csproj", "{A932B37F-7E04-47A2-AECF-BD097FDF2437}"
EndProject
Project("{9A19103F-16F7-4668-BE54-9A1E7A4F7556}") = "HDWallet.Cardano.Tests", "test\HDWallet.Cardano.Tests\HDWallet.Cardano.Tests.csproj", "{78F2607C-32FA-40CC-AAEF-25FAB2F068D8}"
EndProject
Project("{9A19103F-16F7-4668-BE54-9A1E7A4F7556}") = "HDWallet.Core.Tests", "test\HDWallet.Core.Tests\HDWallet.Core.Tests.csproj", "{76FB54E3-17A7-48BE-A2C9-99D17C4CAA4E}"
EndProject
Project("{9A19103F-16F7-4668-BE54-9A1E7A4F7556}") = "HDWallet.Tezos", "src\HDWallet.Tezos\HDWallet.Tezos.csproj", "{329DFFE4-9252-4C78-9163-492CDD750029}"
EndProject
Project("{9A19103F-16F7-4668-BE54-9A1E7A4F7556}") = "HDWallet.Tezos.Tests", "test\HDWallet.Tezos.Tests\HDWallet.Tezos.Tests.csproj", "{8939E42E-D3E6-4AF4-AA73-5DE9A13D4340}"
EndProject
Project("{9A19103F-16F7-4668-BE54-9A1E7A4F7556}") = "HDWallet.Cardano", "src\HDWallet.Cardano\HDWallet.Cardano.csproj", "{4AC3EB9A-CBC7-46C5-8AE0-57A6DBBCB749}"
EndProject
Project("{9A19103F-16F7-4668-BE54-9A1E7A4F7556}") = "HDWallet.Polkadot", "src\HDWallet.Polkadot\HDWallet.Polkadot.csproj", "{B8C48660-471D-4F0C-911E-37CA7217B66D}"
EndProject
Project("{9A19103F-16F7-4668-BE54-9A1E7A4F7556}") = "HDWallet.Polkadot.Tests", "test\HDWallet.Polkadot.Tests\HDWallet.Polkadot.Tests.csproj", "{BC3A9B5B-2119-401F-967B-72E33027319C}"
EndProject
Project("{9A19103F-16F7-4668-BE54-9A1E7A4F7556}") = "HDWallet.Core", "src\HDWallet.Core\HDWallet.Core.csproj", "{A2609FFA-CA7C-4631-B12E-07F464AA9C6A}"
EndProject
Project("{9A19103F-16F7-4668-BE54-9A1E7A4F7556}") = "HDWallet.Ed25519", "src\HDWallet.Ed25519\HDWallet.Ed25519.csproj", "{545D3A5F-5086-46B2-AAEC-B635B37B1507}"
EndProject
Project("{9A19103F-16F7-4668-BE54-9A1E7A4F7556}") = "HDWallet.Avalanche", "src\HDWallet.Avalanche\HDWallet.Avalanche.csproj", "{7E9717DB-199F-479F-84C2-CC916B84DE81}"
EndProject
Project("{9A19103F-16F7-4668-BE54-9A1E7A4F7556}") = "HDWallet.Avalanche.Tests", "test\HDWallet.Avalanche.Tests\HDWallet.Avalanche.Tests.csproj", "{5D900FEE-0AF8-4609-8D7E-F82A28551E11}"
EndProject
Project("{9A19103F-16F7-4668-BE54-9A1E7A4F7556}") = "HDWallet.Api", "src\HDWallet.Api\HDWallet.Api.csproj", "{CC033F42-03D7-4792-ABC4-D166AA107049}"
EndProject
Project("{9A19103F-16F7-4668-BE54-9A1E7A4F7556}") = "HDWallet.FileCoin", "src\HDWallet.FileCoin\HDWallet.FileCoin.csproj", "{D6F69194-247D-4E25-8913-FF11172BDF4C}"
EndProject
Project("{9A19103F-16F7-4668-BE54-9A1E7A4F7556}") = "HDWallet.FileCoin.Tests", "test\HDWallet.FileCoin.Tests\HDWallet.FileCoin.Tests.csproj", "{B90758A8-986C-4B39-A419-2ED406463219}"
EndProject
Project("{2150E333-8FDC-42A3-9474-1A3956D46DE8}") = "Dependencies", "Dependencies", "{99AF9A4C-BC59-4F93-9B50-5DF1493E4BBD}"
EndProject
Project("{2150E333-8FDC-42A3-9474-1A3956D46DE8}") = "dotnetstandard-bip32", "dotnetstandard-bip32", "{60C95507-501B-4BA4-B2AF-804539AB3CEB}"
EndProject
Project("{9A19103F-16F7-4668-BE54-9A1E7A4F7556}") = "dotnetstandard-bip32", "src\Dependencies\dotnetstandard-bip32\dotnetstandard-bip32\dotnetstandard-bip32.csproj", "{9AED1DE9-9FA2-4BDF-9121-4E05A168CF08}"
EndProject
Project("{9A19103F-16F7-4668-BE54-9A1E7A4F7556}") = "HDWallet.Bitcoin", "src\HDWallet.Bitcoin\HDWallet.Bitcoin.csproj", "{898BD586-8721-454E-A7D7-DAB5D2AD14ED}"
EndProject
Project("{9A19103F-16F7-4668-BE54-9A1E7A4F7556}") = "HDWallet.Bitcoin.Tests", "test\HDWallet.Bitcoin.Tests\HDWallet.Bitcoin.Tests.csproj", "{467190A6-100E-44AD-B09F-C74104C53551}"
EndProject
Project("{FAE04EC0-301F-11D3-BF4B-00C04F79EFBC}") = "HDWallet.Ethereum", "src\HDWallet.Ethereum\HDWallet.Ethereum.csproj", "{10250074-AD9C-411C-AA35-185A8B13F921}"
EndProject
Project("{FAE04EC0-301F-11D3-BF4B-00C04F79EFBC}") = "HDWallet.Ethereum.Tests", "test\HDWallet.Ethereum.Tests\HDWallet.Ethereum.Tests.csproj", "{0ED3FC86-FF90-422F-BCBF-96BAF57E0BBE}"
EndProject
Project("{FAE04EC0-301F-11D3-BF4B-00C04F79EFBC}") = "HDWallet.Solana.Tests", "test\HDWallet.Solana.Tests\HDWallet.Solana.Tests.csproj", "{54013C36-4B3C-460F-A04A-D1C5D7C5FE55}"
EndProject
Global
	GlobalSection(SolutionConfigurationPlatforms) = preSolution
		Debug|Any CPU = Debug|Any CPU
		Debug|x64 = Debug|x64
		Debug|x86 = Debug|x86
		Release|Any CPU = Release|Any CPU
		Release|x64 = Release|x64
		Release|x86 = Release|x86
	EndGlobalSection
	GlobalSection(ProjectConfigurationPlatforms) = postSolution
		{7B79A3A5-689E-4E37-B0D1-E4C11420646B}.Debug|Any CPU.ActiveCfg = Debug|Any CPU
		{7B79A3A5-689E-4E37-B0D1-E4C11420646B}.Debug|Any CPU.Build.0 = Debug|Any CPU
		{7B79A3A5-689E-4E37-B0D1-E4C11420646B}.Debug|x64.ActiveCfg = Debug|Any CPU
		{7B79A3A5-689E-4E37-B0D1-E4C11420646B}.Debug|x64.Build.0 = Debug|Any CPU
		{7B79A3A5-689E-4E37-B0D1-E4C11420646B}.Debug|x86.ActiveCfg = Debug|Any CPU
		{7B79A3A5-689E-4E37-B0D1-E4C11420646B}.Debug|x86.Build.0 = Debug|Any CPU
		{7B79A3A5-689E-4E37-B0D1-E4C11420646B}.Release|Any CPU.ActiveCfg = Release|Any CPU
		{7B79A3A5-689E-4E37-B0D1-E4C11420646B}.Release|Any CPU.Build.0 = Release|Any CPU
		{7B79A3A5-689E-4E37-B0D1-E4C11420646B}.Release|x64.ActiveCfg = Release|Any CPU
		{7B79A3A5-689E-4E37-B0D1-E4C11420646B}.Release|x64.Build.0 = Release|Any CPU
		{7B79A3A5-689E-4E37-B0D1-E4C11420646B}.Release|x86.ActiveCfg = Release|Any CPU
		{7B79A3A5-689E-4E37-B0D1-E4C11420646B}.Release|x86.Build.0 = Release|Any CPU
		{73AF8395-DC87-4639-8701-A29D0A4058CC}.Debug|Any CPU.ActiveCfg = Debug|Any CPU
		{73AF8395-DC87-4639-8701-A29D0A4058CC}.Debug|Any CPU.Build.0 = Debug|Any CPU
		{73AF8395-DC87-4639-8701-A29D0A4058CC}.Debug|x64.ActiveCfg = Debug|Any CPU
		{73AF8395-DC87-4639-8701-A29D0A4058CC}.Debug|x64.Build.0 = Debug|Any CPU
		{73AF8395-DC87-4639-8701-A29D0A4058CC}.Debug|x86.ActiveCfg = Debug|Any CPU
		{73AF8395-DC87-4639-8701-A29D0A4058CC}.Debug|x86.Build.0 = Debug|Any CPU
		{73AF8395-DC87-4639-8701-A29D0A4058CC}.Release|Any CPU.ActiveCfg = Release|Any CPU
		{73AF8395-DC87-4639-8701-A29D0A4058CC}.Release|Any CPU.Build.0 = Release|Any CPU
		{73AF8395-DC87-4639-8701-A29D0A4058CC}.Release|x64.ActiveCfg = Release|Any CPU
		{73AF8395-DC87-4639-8701-A29D0A4058CC}.Release|x64.Build.0 = Release|Any CPU
		{73AF8395-DC87-4639-8701-A29D0A4058CC}.Release|x86.ActiveCfg = Release|Any CPU
		{73AF8395-DC87-4639-8701-A29D0A4058CC}.Release|x86.Build.0 = Release|Any CPU
		{DF597431-381B-4B07-8A9D-784A51C99C9E}.Debug|Any CPU.ActiveCfg = Debug|Any CPU
		{DF597431-381B-4B07-8A9D-784A51C99C9E}.Debug|Any CPU.Build.0 = Debug|Any CPU
		{DF597431-381B-4B07-8A9D-784A51C99C9E}.Debug|x64.ActiveCfg = Debug|Any CPU
		{DF597431-381B-4B07-8A9D-784A51C99C9E}.Debug|x64.Build.0 = Debug|Any CPU
		{DF597431-381B-4B07-8A9D-784A51C99C9E}.Debug|x86.ActiveCfg = Debug|Any CPU
		{DF597431-381B-4B07-8A9D-784A51C99C9E}.Debug|x86.Build.0 = Debug|Any CPU
		{DF597431-381B-4B07-8A9D-784A51C99C9E}.Release|Any CPU.ActiveCfg = Release|Any CPU
		{DF597431-381B-4B07-8A9D-784A51C99C9E}.Release|Any CPU.Build.0 = Release|Any CPU
		{DF597431-381B-4B07-8A9D-784A51C99C9E}.Release|x64.ActiveCfg = Release|Any CPU
		{DF597431-381B-4B07-8A9D-784A51C99C9E}.Release|x64.Build.0 = Release|Any CPU
		{DF597431-381B-4B07-8A9D-784A51C99C9E}.Release|x86.ActiveCfg = Release|Any CPU
		{DF597431-381B-4B07-8A9D-784A51C99C9E}.Release|x86.Build.0 = Release|Any CPU
		{36B257ED-E717-4CE6-A8E8-55EDB812BCDD}.Debug|Any CPU.ActiveCfg = Debug|Any CPU
		{36B257ED-E717-4CE6-A8E8-55EDB812BCDD}.Debug|Any CPU.Build.0 = Debug|Any CPU
		{36B257ED-E717-4CE6-A8E8-55EDB812BCDD}.Debug|x64.ActiveCfg = Debug|Any CPU
		{36B257ED-E717-4CE6-A8E8-55EDB812BCDD}.Debug|x64.Build.0 = Debug|Any CPU
		{36B257ED-E717-4CE6-A8E8-55EDB812BCDD}.Debug|x86.ActiveCfg = Debug|Any CPU
		{36B257ED-E717-4CE6-A8E8-55EDB812BCDD}.Debug|x86.Build.0 = Debug|Any CPU
		{36B257ED-E717-4CE6-A8E8-55EDB812BCDD}.Release|Any CPU.ActiveCfg = Release|Any CPU
		{36B257ED-E717-4CE6-A8E8-55EDB812BCDD}.Release|Any CPU.Build.0 = Release|Any CPU
		{36B257ED-E717-4CE6-A8E8-55EDB812BCDD}.Release|x64.ActiveCfg = Release|Any CPU
		{36B257ED-E717-4CE6-A8E8-55EDB812BCDD}.Release|x64.Build.0 = Release|Any CPU
		{36B257ED-E717-4CE6-A8E8-55EDB812BCDD}.Release|x86.ActiveCfg = Release|Any CPU
		{36B257ED-E717-4CE6-A8E8-55EDB812BCDD}.Release|x86.Build.0 = Release|Any CPU
		{A932B37F-7E04-47A2-AECF-BD097FDF2437}.Debug|Any CPU.ActiveCfg = Debug|Any CPU
		{A932B37F-7E04-47A2-AECF-BD097FDF2437}.Debug|Any CPU.Build.0 = Debug|Any CPU
		{A932B37F-7E04-47A2-AECF-BD097FDF2437}.Debug|x64.ActiveCfg = Debug|Any CPU
		{A932B37F-7E04-47A2-AECF-BD097FDF2437}.Debug|x64.Build.0 = Debug|Any CPU
		{A932B37F-7E04-47A2-AECF-BD097FDF2437}.Debug|x86.ActiveCfg = Debug|Any CPU
		{A932B37F-7E04-47A2-AECF-BD097FDF2437}.Debug|x86.Build.0 = Debug|Any CPU
		{A932B37F-7E04-47A2-AECF-BD097FDF2437}.Release|Any CPU.ActiveCfg = Release|Any CPU
		{A932B37F-7E04-47A2-AECF-BD097FDF2437}.Release|Any CPU.Build.0 = Release|Any CPU
		{A932B37F-7E04-47A2-AECF-BD097FDF2437}.Release|x64.ActiveCfg = Release|Any CPU
		{A932B37F-7E04-47A2-AECF-BD097FDF2437}.Release|x64.Build.0 = Release|Any CPU
		{A932B37F-7E04-47A2-AECF-BD097FDF2437}.Release|x86.ActiveCfg = Release|Any CPU
		{A932B37F-7E04-47A2-AECF-BD097FDF2437}.Release|x86.Build.0 = Release|Any CPU
		{78F2607C-32FA-40CC-AAEF-25FAB2F068D8}.Debug|Any CPU.ActiveCfg = Debug|Any CPU
		{78F2607C-32FA-40CC-AAEF-25FAB2F068D8}.Debug|Any CPU.Build.0 = Debug|Any CPU
		{78F2607C-32FA-40CC-AAEF-25FAB2F068D8}.Debug|x64.ActiveCfg = Debug|Any CPU
		{78F2607C-32FA-40CC-AAEF-25FAB2F068D8}.Debug|x64.Build.0 = Debug|Any CPU
		{78F2607C-32FA-40CC-AAEF-25FAB2F068D8}.Debug|x86.ActiveCfg = Debug|Any CPU
		{78F2607C-32FA-40CC-AAEF-25FAB2F068D8}.Debug|x86.Build.0 = Debug|Any CPU
		{78F2607C-32FA-40CC-AAEF-25FAB2F068D8}.Release|Any CPU.ActiveCfg = Release|Any CPU
		{78F2607C-32FA-40CC-AAEF-25FAB2F068D8}.Release|Any CPU.Build.0 = Release|Any CPU
		{78F2607C-32FA-40CC-AAEF-25FAB2F068D8}.Release|x64.ActiveCfg = Release|Any CPU
		{78F2607C-32FA-40CC-AAEF-25FAB2F068D8}.Release|x64.Build.0 = Release|Any CPU
		{78F2607C-32FA-40CC-AAEF-25FAB2F068D8}.Release|x86.ActiveCfg = Release|Any CPU
		{78F2607C-32FA-40CC-AAEF-25FAB2F068D8}.Release|x86.Build.0 = Release|Any CPU
		{76FB54E3-17A7-48BE-A2C9-99D17C4CAA4E}.Debug|Any CPU.ActiveCfg = Debug|Any CPU
		{76FB54E3-17A7-48BE-A2C9-99D17C4CAA4E}.Debug|Any CPU.Build.0 = Debug|Any CPU
		{76FB54E3-17A7-48BE-A2C9-99D17C4CAA4E}.Debug|x64.ActiveCfg = Debug|Any CPU
		{76FB54E3-17A7-48BE-A2C9-99D17C4CAA4E}.Debug|x64.Build.0 = Debug|Any CPU
		{76FB54E3-17A7-48BE-A2C9-99D17C4CAA4E}.Debug|x86.ActiveCfg = Debug|Any CPU
		{76FB54E3-17A7-48BE-A2C9-99D17C4CAA4E}.Debug|x86.Build.0 = Debug|Any CPU
		{76FB54E3-17A7-48BE-A2C9-99D17C4CAA4E}.Release|Any CPU.ActiveCfg = Release|Any CPU
		{76FB54E3-17A7-48BE-A2C9-99D17C4CAA4E}.Release|Any CPU.Build.0 = Release|Any CPU
		{76FB54E3-17A7-48BE-A2C9-99D17C4CAA4E}.Release|x64.ActiveCfg = Release|Any CPU
		{76FB54E3-17A7-48BE-A2C9-99D17C4CAA4E}.Release|x64.Build.0 = Release|Any CPU
		{76FB54E3-17A7-48BE-A2C9-99D17C4CAA4E}.Release|x86.ActiveCfg = Release|Any CPU
		{76FB54E3-17A7-48BE-A2C9-99D17C4CAA4E}.Release|x86.Build.0 = Release|Any CPU
		{329DFFE4-9252-4C78-9163-492CDD750029}.Debug|Any CPU.ActiveCfg = Debug|Any CPU
		{329DFFE4-9252-4C78-9163-492CDD750029}.Debug|Any CPU.Build.0 = Debug|Any CPU
		{329DFFE4-9252-4C78-9163-492CDD750029}.Debug|x64.ActiveCfg = Debug|Any CPU
		{329DFFE4-9252-4C78-9163-492CDD750029}.Debug|x64.Build.0 = Debug|Any CPU
		{329DFFE4-9252-4C78-9163-492CDD750029}.Debug|x86.ActiveCfg = Debug|Any CPU
		{329DFFE4-9252-4C78-9163-492CDD750029}.Debug|x86.Build.0 = Debug|Any CPU
		{329DFFE4-9252-4C78-9163-492CDD750029}.Release|Any CPU.ActiveCfg = Release|Any CPU
		{329DFFE4-9252-4C78-9163-492CDD750029}.Release|Any CPU.Build.0 = Release|Any CPU
		{329DFFE4-9252-4C78-9163-492CDD750029}.Release|x64.ActiveCfg = Release|Any CPU
		{329DFFE4-9252-4C78-9163-492CDD750029}.Release|x64.Build.0 = Release|Any CPU
		{329DFFE4-9252-4C78-9163-492CDD750029}.Release|x86.ActiveCfg = Release|Any CPU
		{329DFFE4-9252-4C78-9163-492CDD750029}.Release|x86.Build.0 = Release|Any CPU
		{8939E42E-D3E6-4AF4-AA73-5DE9A13D4340}.Debug|Any CPU.ActiveCfg = Debug|Any CPU
		{8939E42E-D3E6-4AF4-AA73-5DE9A13D4340}.Debug|Any CPU.Build.0 = Debug|Any CPU
		{8939E42E-D3E6-4AF4-AA73-5DE9A13D4340}.Debug|x64.ActiveCfg = Debug|Any CPU
		{8939E42E-D3E6-4AF4-AA73-5DE9A13D4340}.Debug|x64.Build.0 = Debug|Any CPU
		{8939E42E-D3E6-4AF4-AA73-5DE9A13D4340}.Debug|x86.ActiveCfg = Debug|Any CPU
		{8939E42E-D3E6-4AF4-AA73-5DE9A13D4340}.Debug|x86.Build.0 = Debug|Any CPU
		{8939E42E-D3E6-4AF4-AA73-5DE9A13D4340}.Release|Any CPU.ActiveCfg = Release|Any CPU
		{8939E42E-D3E6-4AF4-AA73-5DE9A13D4340}.Release|Any CPU.Build.0 = Release|Any CPU
		{8939E42E-D3E6-4AF4-AA73-5DE9A13D4340}.Release|x64.ActiveCfg = Release|Any CPU
		{8939E42E-D3E6-4AF4-AA73-5DE9A13D4340}.Release|x64.Build.0 = Release|Any CPU
		{8939E42E-D3E6-4AF4-AA73-5DE9A13D4340}.Release|x86.ActiveCfg = Release|Any CPU
		{8939E42E-D3E6-4AF4-AA73-5DE9A13D4340}.Release|x86.Build.0 = Release|Any CPU
		{4AC3EB9A-CBC7-46C5-8AE0-57A6DBBCB749}.Debug|Any CPU.ActiveCfg = Debug|Any CPU
		{4AC3EB9A-CBC7-46C5-8AE0-57A6DBBCB749}.Debug|Any CPU.Build.0 = Debug|Any CPU
		{4AC3EB9A-CBC7-46C5-8AE0-57A6DBBCB749}.Debug|x64.ActiveCfg = Debug|Any CPU
		{4AC3EB9A-CBC7-46C5-8AE0-57A6DBBCB749}.Debug|x64.Build.0 = Debug|Any CPU
		{4AC3EB9A-CBC7-46C5-8AE0-57A6DBBCB749}.Debug|x86.ActiveCfg = Debug|Any CPU
		{4AC3EB9A-CBC7-46C5-8AE0-57A6DBBCB749}.Debug|x86.Build.0 = Debug|Any CPU
		{4AC3EB9A-CBC7-46C5-8AE0-57A6DBBCB749}.Release|Any CPU.ActiveCfg = Release|Any CPU
		{4AC3EB9A-CBC7-46C5-8AE0-57A6DBBCB749}.Release|Any CPU.Build.0 = Release|Any CPU
		{4AC3EB9A-CBC7-46C5-8AE0-57A6DBBCB749}.Release|x64.ActiveCfg = Release|Any CPU
		{4AC3EB9A-CBC7-46C5-8AE0-57A6DBBCB749}.Release|x64.Build.0 = Release|Any CPU
		{4AC3EB9A-CBC7-46C5-8AE0-57A6DBBCB749}.Release|x86.ActiveCfg = Release|Any CPU
		{4AC3EB9A-CBC7-46C5-8AE0-57A6DBBCB749}.Release|x86.Build.0 = Release|Any CPU
		{B8C48660-471D-4F0C-911E-37CA7217B66D}.Debug|Any CPU.ActiveCfg = Debug|Any CPU
		{B8C48660-471D-4F0C-911E-37CA7217B66D}.Debug|Any CPU.Build.0 = Debug|Any CPU
		{B8C48660-471D-4F0C-911E-37CA7217B66D}.Debug|x64.ActiveCfg = Debug|Any CPU
		{B8C48660-471D-4F0C-911E-37CA7217B66D}.Debug|x64.Build.0 = Debug|Any CPU
		{B8C48660-471D-4F0C-911E-37CA7217B66D}.Debug|x86.ActiveCfg = Debug|Any CPU
		{B8C48660-471D-4F0C-911E-37CA7217B66D}.Debug|x86.Build.0 = Debug|Any CPU
		{B8C48660-471D-4F0C-911E-37CA7217B66D}.Release|Any CPU.ActiveCfg = Release|Any CPU
		{B8C48660-471D-4F0C-911E-37CA7217B66D}.Release|Any CPU.Build.0 = Release|Any CPU
		{B8C48660-471D-4F0C-911E-37CA7217B66D}.Release|x64.ActiveCfg = Release|Any CPU
		{B8C48660-471D-4F0C-911E-37CA7217B66D}.Release|x64.Build.0 = Release|Any CPU
		{B8C48660-471D-4F0C-911E-37CA7217B66D}.Release|x86.ActiveCfg = Release|Any CPU
		{B8C48660-471D-4F0C-911E-37CA7217B66D}.Release|x86.Build.0 = Release|Any CPU
		{BC3A9B5B-2119-401F-967B-72E33027319C}.Debug|Any CPU.ActiveCfg = Debug|Any CPU
		{BC3A9B5B-2119-401F-967B-72E33027319C}.Debug|Any CPU.Build.0 = Debug|Any CPU
		{BC3A9B5B-2119-401F-967B-72E33027319C}.Debug|x64.ActiveCfg = Debug|Any CPU
		{BC3A9B5B-2119-401F-967B-72E33027319C}.Debug|x64.Build.0 = Debug|Any CPU
		{BC3A9B5B-2119-401F-967B-72E33027319C}.Debug|x86.ActiveCfg = Debug|Any CPU
		{BC3A9B5B-2119-401F-967B-72E33027319C}.Debug|x86.Build.0 = Debug|Any CPU
		{BC3A9B5B-2119-401F-967B-72E33027319C}.Release|Any CPU.ActiveCfg = Release|Any CPU
		{BC3A9B5B-2119-401F-967B-72E33027319C}.Release|Any CPU.Build.0 = Release|Any CPU
		{BC3A9B5B-2119-401F-967B-72E33027319C}.Release|x64.ActiveCfg = Release|Any CPU
		{BC3A9B5B-2119-401F-967B-72E33027319C}.Release|x64.Build.0 = Release|Any CPU
		{BC3A9B5B-2119-401F-967B-72E33027319C}.Release|x86.ActiveCfg = Release|Any CPU
		{BC3A9B5B-2119-401F-967B-72E33027319C}.Release|x86.Build.0 = Release|Any CPU
		{A2609FFA-CA7C-4631-B12E-07F464AA9C6A}.Debug|Any CPU.ActiveCfg = Debug|Any CPU
		{A2609FFA-CA7C-4631-B12E-07F464AA9C6A}.Debug|Any CPU.Build.0 = Debug|Any CPU
		{A2609FFA-CA7C-4631-B12E-07F464AA9C6A}.Debug|x64.ActiveCfg = Debug|Any CPU
		{A2609FFA-CA7C-4631-B12E-07F464AA9C6A}.Debug|x64.Build.0 = Debug|Any CPU
		{A2609FFA-CA7C-4631-B12E-07F464AA9C6A}.Debug|x86.ActiveCfg = Debug|Any CPU
		{A2609FFA-CA7C-4631-B12E-07F464AA9C6A}.Debug|x86.Build.0 = Debug|Any CPU
		{A2609FFA-CA7C-4631-B12E-07F464AA9C6A}.Release|Any CPU.ActiveCfg = Release|Any CPU
		{A2609FFA-CA7C-4631-B12E-07F464AA9C6A}.Release|Any CPU.Build.0 = Release|Any CPU
		{A2609FFA-CA7C-4631-B12E-07F464AA9C6A}.Release|x64.ActiveCfg = Release|Any CPU
		{A2609FFA-CA7C-4631-B12E-07F464AA9C6A}.Release|x64.Build.0 = Release|Any CPU
		{A2609FFA-CA7C-4631-B12E-07F464AA9C6A}.Release|x86.ActiveCfg = Release|Any CPU
		{A2609FFA-CA7C-4631-B12E-07F464AA9C6A}.Release|x86.Build.0 = Release|Any CPU
		{545D3A5F-5086-46B2-AAEC-B635B37B1507}.Debug|Any CPU.ActiveCfg = Debug|Any CPU
		{545D3A5F-5086-46B2-AAEC-B635B37B1507}.Debug|Any CPU.Build.0 = Debug|Any CPU
		{545D3A5F-5086-46B2-AAEC-B635B37B1507}.Debug|x64.ActiveCfg = Debug|Any CPU
		{545D3A5F-5086-46B2-AAEC-B635B37B1507}.Debug|x64.Build.0 = Debug|Any CPU
		{545D3A5F-5086-46B2-AAEC-B635B37B1507}.Debug|x86.ActiveCfg = Debug|Any CPU
		{545D3A5F-5086-46B2-AAEC-B635B37B1507}.Debug|x86.Build.0 = Debug|Any CPU
		{545D3A5F-5086-46B2-AAEC-B635B37B1507}.Release|Any CPU.ActiveCfg = Release|Any CPU
		{545D3A5F-5086-46B2-AAEC-B635B37B1507}.Release|Any CPU.Build.0 = Release|Any CPU
		{545D3A5F-5086-46B2-AAEC-B635B37B1507}.Release|x64.ActiveCfg = Release|Any CPU
		{545D3A5F-5086-46B2-AAEC-B635B37B1507}.Release|x64.Build.0 = Release|Any CPU
		{545D3A5F-5086-46B2-AAEC-B635B37B1507}.Release|x86.ActiveCfg = Release|Any CPU
		{545D3A5F-5086-46B2-AAEC-B635B37B1507}.Release|x86.Build.0 = Release|Any CPU
		{7E9717DB-199F-479F-84C2-CC916B84DE81}.Debug|Any CPU.ActiveCfg = Debug|Any CPU
		{7E9717DB-199F-479F-84C2-CC916B84DE81}.Debug|Any CPU.Build.0 = Debug|Any CPU
		{7E9717DB-199F-479F-84C2-CC916B84DE81}.Debug|x64.ActiveCfg = Debug|Any CPU
		{7E9717DB-199F-479F-84C2-CC916B84DE81}.Debug|x64.Build.0 = Debug|Any CPU
		{7E9717DB-199F-479F-84C2-CC916B84DE81}.Debug|x86.ActiveCfg = Debug|Any CPU
		{7E9717DB-199F-479F-84C2-CC916B84DE81}.Debug|x86.Build.0 = Debug|Any CPU
		{7E9717DB-199F-479F-84C2-CC916B84DE81}.Release|Any CPU.ActiveCfg = Release|Any CPU
		{7E9717DB-199F-479F-84C2-CC916B84DE81}.Release|Any CPU.Build.0 = Release|Any CPU
		{7E9717DB-199F-479F-84C2-CC916B84DE81}.Release|x64.ActiveCfg = Release|Any CPU
		{7E9717DB-199F-479F-84C2-CC916B84DE81}.Release|x64.Build.0 = Release|Any CPU
		{7E9717DB-199F-479F-84C2-CC916B84DE81}.Release|x86.ActiveCfg = Release|Any CPU
		{7E9717DB-199F-479F-84C2-CC916B84DE81}.Release|x86.Build.0 = Release|Any CPU
		{5D900FEE-0AF8-4609-8D7E-F82A28551E11}.Debug|Any CPU.ActiveCfg = Debug|Any CPU
		{5D900FEE-0AF8-4609-8D7E-F82A28551E11}.Debug|Any CPU.Build.0 = Debug|Any CPU
		{5D900FEE-0AF8-4609-8D7E-F82A28551E11}.Debug|x64.ActiveCfg = Debug|Any CPU
		{5D900FEE-0AF8-4609-8D7E-F82A28551E11}.Debug|x64.Build.0 = Debug|Any CPU
		{5D900FEE-0AF8-4609-8D7E-F82A28551E11}.Debug|x86.ActiveCfg = Debug|Any CPU
		{5D900FEE-0AF8-4609-8D7E-F82A28551E11}.Debug|x86.Build.0 = Debug|Any CPU
		{5D900FEE-0AF8-4609-8D7E-F82A28551E11}.Release|Any CPU.ActiveCfg = Release|Any CPU
		{5D900FEE-0AF8-4609-8D7E-F82A28551E11}.Release|Any CPU.Build.0 = Release|Any CPU
		{5D900FEE-0AF8-4609-8D7E-F82A28551E11}.Release|x64.ActiveCfg = Release|Any CPU
		{5D900FEE-0AF8-4609-8D7E-F82A28551E11}.Release|x64.Build.0 = Release|Any CPU
		{5D900FEE-0AF8-4609-8D7E-F82A28551E11}.Release|x86.ActiveCfg = Release|Any CPU
		{5D900FEE-0AF8-4609-8D7E-F82A28551E11}.Release|x86.Build.0 = Release|Any CPU
		{CC033F42-03D7-4792-ABC4-D166AA107049}.Debug|Any CPU.ActiveCfg = Debug|Any CPU
		{CC033F42-03D7-4792-ABC4-D166AA107049}.Debug|Any CPU.Build.0 = Debug|Any CPU
		{CC033F42-03D7-4792-ABC4-D166AA107049}.Debug|x64.ActiveCfg = Debug|Any CPU
		{CC033F42-03D7-4792-ABC4-D166AA107049}.Debug|x64.Build.0 = Debug|Any CPU
		{CC033F42-03D7-4792-ABC4-D166AA107049}.Debug|x86.ActiveCfg = Debug|Any CPU
		{CC033F42-03D7-4792-ABC4-D166AA107049}.Debug|x86.Build.0 = Debug|Any CPU
		{CC033F42-03D7-4792-ABC4-D166AA107049}.Release|Any CPU.ActiveCfg = Release|Any CPU
		{CC033F42-03D7-4792-ABC4-D166AA107049}.Release|Any CPU.Build.0 = Release|Any CPU
		{CC033F42-03D7-4792-ABC4-D166AA107049}.Release|x64.ActiveCfg = Release|Any CPU
		{CC033F42-03D7-4792-ABC4-D166AA107049}.Release|x64.Build.0 = Release|Any CPU
		{CC033F42-03D7-4792-ABC4-D166AA107049}.Release|x86.ActiveCfg = Release|Any CPU
		{CC033F42-03D7-4792-ABC4-D166AA107049}.Release|x86.Build.0 = Release|Any CPU
		{D6F69194-247D-4E25-8913-FF11172BDF4C}.Debug|Any CPU.ActiveCfg = Debug|Any CPU
		{D6F69194-247D-4E25-8913-FF11172BDF4C}.Debug|Any CPU.Build.0 = Debug|Any CPU
		{D6F69194-247D-4E25-8913-FF11172BDF4C}.Debug|x64.ActiveCfg = Debug|Any CPU
		{D6F69194-247D-4E25-8913-FF11172BDF4C}.Debug|x64.Build.0 = Debug|Any CPU
		{D6F69194-247D-4E25-8913-FF11172BDF4C}.Debug|x86.ActiveCfg = Debug|Any CPU
		{D6F69194-247D-4E25-8913-FF11172BDF4C}.Debug|x86.Build.0 = Debug|Any CPU
		{D6F69194-247D-4E25-8913-FF11172BDF4C}.Release|Any CPU.ActiveCfg = Release|Any CPU
		{D6F69194-247D-4E25-8913-FF11172BDF4C}.Release|Any CPU.Build.0 = Release|Any CPU
		{D6F69194-247D-4E25-8913-FF11172BDF4C}.Release|x64.ActiveCfg = Release|Any CPU
		{D6F69194-247D-4E25-8913-FF11172BDF4C}.Release|x64.Build.0 = Release|Any CPU
		{D6F69194-247D-4E25-8913-FF11172BDF4C}.Release|x86.ActiveCfg = Release|Any CPU
		{D6F69194-247D-4E25-8913-FF11172BDF4C}.Release|x86.Build.0 = Release|Any CPU
		{B90758A8-986C-4B39-A419-2ED406463219}.Debug|Any CPU.ActiveCfg = Debug|Any CPU
		{B90758A8-986C-4B39-A419-2ED406463219}.Debug|Any CPU.Build.0 = Debug|Any CPU
		{B90758A8-986C-4B39-A419-2ED406463219}.Debug|x64.ActiveCfg = Debug|Any CPU
		{B90758A8-986C-4B39-A419-2ED406463219}.Debug|x64.Build.0 = Debug|Any CPU
		{B90758A8-986C-4B39-A419-2ED406463219}.Debug|x86.ActiveCfg = Debug|Any CPU
		{B90758A8-986C-4B39-A419-2ED406463219}.Debug|x86.Build.0 = Debug|Any CPU
		{B90758A8-986C-4B39-A419-2ED406463219}.Release|Any CPU.ActiveCfg = Release|Any CPU
		{B90758A8-986C-4B39-A419-2ED406463219}.Release|Any CPU.Build.0 = Release|Any CPU
		{B90758A8-986C-4B39-A419-2ED406463219}.Release|x64.ActiveCfg = Release|Any CPU
		{B90758A8-986C-4B39-A419-2ED406463219}.Release|x64.Build.0 = Release|Any CPU
		{B90758A8-986C-4B39-A419-2ED406463219}.Release|x86.ActiveCfg = Release|Any CPU
		{B90758A8-986C-4B39-A419-2ED406463219}.Release|x86.Build.0 = Release|Any CPU
		{9AED1DE9-9FA2-4BDF-9121-4E05A168CF08}.Debug|Any CPU.ActiveCfg = Debug|Any CPU
		{9AED1DE9-9FA2-4BDF-9121-4E05A168CF08}.Debug|Any CPU.Build.0 = Debug|Any CPU
		{9AED1DE9-9FA2-4BDF-9121-4E05A168CF08}.Debug|x64.ActiveCfg = Debug|Any CPU
		{9AED1DE9-9FA2-4BDF-9121-4E05A168CF08}.Debug|x64.Build.0 = Debug|Any CPU
		{9AED1DE9-9FA2-4BDF-9121-4E05A168CF08}.Debug|x86.ActiveCfg = Debug|Any CPU
		{9AED1DE9-9FA2-4BDF-9121-4E05A168CF08}.Debug|x86.Build.0 = Debug|Any CPU
		{9AED1DE9-9FA2-4BDF-9121-4E05A168CF08}.Release|Any CPU.ActiveCfg = Release|Any CPU
		{9AED1DE9-9FA2-4BDF-9121-4E05A168CF08}.Release|Any CPU.Build.0 = Release|Any CPU
		{9AED1DE9-9FA2-4BDF-9121-4E05A168CF08}.Release|x64.ActiveCfg = Release|Any CPU
		{9AED1DE9-9FA2-4BDF-9121-4E05A168CF08}.Release|x64.Build.0 = Release|Any CPU
		{9AED1DE9-9FA2-4BDF-9121-4E05A168CF08}.Release|x86.ActiveCfg = Release|Any CPU
		{9AED1DE9-9FA2-4BDF-9121-4E05A168CF08}.Release|x86.Build.0 = Release|Any CPU
		{898BD586-8721-454E-A7D7-DAB5D2AD14ED}.Debug|Any CPU.ActiveCfg = Debug|Any CPU
		{898BD586-8721-454E-A7D7-DAB5D2AD14ED}.Debug|Any CPU.Build.0 = Debug|Any CPU
		{898BD586-8721-454E-A7D7-DAB5D2AD14ED}.Debug|x64.ActiveCfg = Debug|Any CPU
		{898BD586-8721-454E-A7D7-DAB5D2AD14ED}.Debug|x64.Build.0 = Debug|Any CPU
		{898BD586-8721-454E-A7D7-DAB5D2AD14ED}.Debug|x86.ActiveCfg = Debug|Any CPU
		{898BD586-8721-454E-A7D7-DAB5D2AD14ED}.Debug|x86.Build.0 = Debug|Any CPU
		{898BD586-8721-454E-A7D7-DAB5D2AD14ED}.Release|Any CPU.ActiveCfg = Release|Any CPU
		{898BD586-8721-454E-A7D7-DAB5D2AD14ED}.Release|Any CPU.Build.0 = Release|Any CPU
		{898BD586-8721-454E-A7D7-DAB5D2AD14ED}.Release|x64.ActiveCfg = Release|Any CPU
		{898BD586-8721-454E-A7D7-DAB5D2AD14ED}.Release|x64.Build.0 = Release|Any CPU
		{898BD586-8721-454E-A7D7-DAB5D2AD14ED}.Release|x86.ActiveCfg = Release|Any CPU
		{898BD586-8721-454E-A7D7-DAB5D2AD14ED}.Release|x86.Build.0 = Release|Any CPU
		{467190A6-100E-44AD-B09F-C74104C53551}.Debug|Any CPU.ActiveCfg = Debug|Any CPU
		{467190A6-100E-44AD-B09F-C74104C53551}.Debug|Any CPU.Build.0 = Debug|Any CPU
		{467190A6-100E-44AD-B09F-C74104C53551}.Debug|x64.ActiveCfg = Debug|Any CPU
		{467190A6-100E-44AD-B09F-C74104C53551}.Debug|x64.Build.0 = Debug|Any CPU
		{467190A6-100E-44AD-B09F-C74104C53551}.Debug|x86.ActiveCfg = Debug|Any CPU
		{467190A6-100E-44AD-B09F-C74104C53551}.Debug|x86.Build.0 = Debug|Any CPU
		{467190A6-100E-44AD-B09F-C74104C53551}.Release|Any CPU.ActiveCfg = Release|Any CPU
		{467190A6-100E-44AD-B09F-C74104C53551}.Release|Any CPU.Build.0 = Release|Any CPU
		{467190A6-100E-44AD-B09F-C74104C53551}.Release|x64.ActiveCfg = Release|Any CPU
		{467190A6-100E-44AD-B09F-C74104C53551}.Release|x64.Build.0 = Release|Any CPU
		{467190A6-100E-44AD-B09F-C74104C53551}.Release|x86.ActiveCfg = Release|Any CPU
		{467190A6-100E-44AD-B09F-C74104C53551}.Release|x86.Build.0 = Release|Any CPU
		{10250074-AD9C-411C-AA35-185A8B13F921}.Debug|Any CPU.ActiveCfg = Debug|Any CPU
		{10250074-AD9C-411C-AA35-185A8B13F921}.Debug|Any CPU.Build.0 = Debug|Any CPU
		{10250074-AD9C-411C-AA35-185A8B13F921}.Debug|x64.ActiveCfg = Debug|Any CPU
		{10250074-AD9C-411C-AA35-185A8B13F921}.Debug|x64.Build.0 = Debug|Any CPU
		{10250074-AD9C-411C-AA35-185A8B13F921}.Debug|x86.ActiveCfg = Debug|Any CPU
		{10250074-AD9C-411C-AA35-185A8B13F921}.Debug|x86.Build.0 = Debug|Any CPU
		{10250074-AD9C-411C-AA35-185A8B13F921}.Release|Any CPU.ActiveCfg = Release|Any CPU
		{10250074-AD9C-411C-AA35-185A8B13F921}.Release|Any CPU.Build.0 = Release|Any CPU
		{10250074-AD9C-411C-AA35-185A8B13F921}.Release|x64.ActiveCfg = Release|Any CPU
		{10250074-AD9C-411C-AA35-185A8B13F921}.Release|x64.Build.0 = Release|Any CPU
		{10250074-AD9C-411C-AA35-185A8B13F921}.Release|x86.ActiveCfg = Release|Any CPU
		{10250074-AD9C-411C-AA35-185A8B13F921}.Release|x86.Build.0 = Release|Any CPU
		{0ED3FC86-FF90-422F-BCBF-96BAF57E0BBE}.Debug|Any CPU.ActiveCfg = Debug|Any CPU
		{0ED3FC86-FF90-422F-BCBF-96BAF57E0BBE}.Debug|Any CPU.Build.0 = Debug|Any CPU
		{0ED3FC86-FF90-422F-BCBF-96BAF57E0BBE}.Debug|x64.ActiveCfg = Debug|Any CPU
		{0ED3FC86-FF90-422F-BCBF-96BAF57E0BBE}.Debug|x64.Build.0 = Debug|Any CPU
		{0ED3FC86-FF90-422F-BCBF-96BAF57E0BBE}.Debug|x86.ActiveCfg = Debug|Any CPU
		{0ED3FC86-FF90-422F-BCBF-96BAF57E0BBE}.Debug|x86.Build.0 = Debug|Any CPU
		{0ED3FC86-FF90-422F-BCBF-96BAF57E0BBE}.Release|Any CPU.ActiveCfg = Release|Any CPU
		{0ED3FC86-FF90-422F-BCBF-96BAF57E0BBE}.Release|Any CPU.Build.0 = Release|Any CPU
		{0ED3FC86-FF90-422F-BCBF-96BAF57E0BBE}.Release|x64.ActiveCfg = Release|Any CPU
		{0ED3FC86-FF90-422F-BCBF-96BAF57E0BBE}.Release|x64.Build.0 = Release|Any CPU
		{0ED3FC86-FF90-422F-BCBF-96BAF57E0BBE}.Release|x86.ActiveCfg = Release|Any CPU
		{0ED3FC86-FF90-422F-BCBF-96BAF57E0BBE}.Release|x86.Build.0 = Release|Any CPU
		{54013C36-4B3C-460F-A04A-D1C5D7C5FE55}.Debug|Any CPU.ActiveCfg = Debug|Any CPU
		{54013C36-4B3C-460F-A04A-D1C5D7C5FE55}.Debug|Any CPU.Build.0 = Debug|Any CPU
		{54013C36-4B3C-460F-A04A-D1C5D7C5FE55}.Debug|x64.ActiveCfg = Debug|Any CPU
		{54013C36-4B3C-460F-A04A-D1C5D7C5FE55}.Debug|x64.Build.0 = Debug|Any CPU
		{54013C36-4B3C-460F-A04A-D1C5D7C5FE55}.Debug|x86.ActiveCfg = Debug|Any CPU
		{54013C36-4B3C-460F-A04A-D1C5D7C5FE55}.Debug|x86.Build.0 = Debug|Any CPU
		{54013C36-4B3C-460F-A04A-D1C5D7C5FE55}.Release|Any CPU.ActiveCfg = Release|Any CPU
		{54013C36-4B3C-460F-A04A-D1C5D7C5FE55}.Release|Any CPU.Build.0 = Release|Any CPU
		{54013C36-4B3C-460F-A04A-D1C5D7C5FE55}.Release|x64.ActiveCfg = Release|Any CPU
		{54013C36-4B3C-460F-A04A-D1C5D7C5FE55}.Release|x64.Build.0 = Release|Any CPU
		{54013C36-4B3C-460F-A04A-D1C5D7C5FE55}.Release|x86.ActiveCfg = Release|Any CPU
		{54013C36-4B3C-460F-A04A-D1C5D7C5FE55}.Release|x86.Build.0 = Release|Any CPU
	EndGlobalSection
	GlobalSection(SolutionProperties) = preSolution
		HideSolutionNode = FALSE
	EndGlobalSection
	GlobalSection(NestedProjects) = preSolution
		{7B79A3A5-689E-4E37-B0D1-E4C11420646B} = {587DF704-BD3F-41FF-A468-289BB83BBEF7}
		{73AF8395-DC87-4639-8701-A29D0A4058CC} = {587DF704-BD3F-41FF-A468-289BB83BBEF7}
		{DF597431-381B-4B07-8A9D-784A51C99C9E} = {73CF8F5A-07F9-477C-8F47-507158E4C68C}
		{36B257ED-E717-4CE6-A8E8-55EDB812BCDD} = {73CF8F5A-07F9-477C-8F47-507158E4C68C}
		{A932B37F-7E04-47A2-AECF-BD097FDF2437} = {73CF8F5A-07F9-477C-8F47-507158E4C68C}
		{78F2607C-32FA-40CC-AAEF-25FAB2F068D8} = {73CF8F5A-07F9-477C-8F47-507158E4C68C}
		{76FB54E3-17A7-48BE-A2C9-99D17C4CAA4E} = {73CF8F5A-07F9-477C-8F47-507158E4C68C}
		{329DFFE4-9252-4C78-9163-492CDD750029} = {587DF704-BD3F-41FF-A468-289BB83BBEF7}
		{8939E42E-D3E6-4AF4-AA73-5DE9A13D4340} = {73CF8F5A-07F9-477C-8F47-507158E4C68C}
		{4AC3EB9A-CBC7-46C5-8AE0-57A6DBBCB749} = {587DF704-BD3F-41FF-A468-289BB83BBEF7}
		{B8C48660-471D-4F0C-911E-37CA7217B66D} = {587DF704-BD3F-41FF-A468-289BB83BBEF7}
		{BC3A9B5B-2119-401F-967B-72E33027319C} = {73CF8F5A-07F9-477C-8F47-507158E4C68C}
		{A2609FFA-CA7C-4631-B12E-07F464AA9C6A} = {587DF704-BD3F-41FF-A468-289BB83BBEF7}
		{545D3A5F-5086-46B2-AAEC-B635B37B1507} = {587DF704-BD3F-41FF-A468-289BB83BBEF7}
		{7E9717DB-199F-479F-84C2-CC916B84DE81} = {587DF704-BD3F-41FF-A468-289BB83BBEF7}
		{5D900FEE-0AF8-4609-8D7E-F82A28551E11} = {73CF8F5A-07F9-477C-8F47-507158E4C68C}
		{CC033F42-03D7-4792-ABC4-D166AA107049} = {587DF704-BD3F-41FF-A468-289BB83BBEF7}
		{D6F69194-247D-4E25-8913-FF11172BDF4C} = {587DF704-BD3F-41FF-A468-289BB83BBEF7}
		{B90758A8-986C-4B39-A419-2ED406463219} = {73CF8F5A-07F9-477C-8F47-507158E4C68C}
		{99AF9A4C-BC59-4F93-9B50-5DF1493E4BBD} = {587DF704-BD3F-41FF-A468-289BB83BBEF7}
		{60C95507-501B-4BA4-B2AF-804539AB3CEB} = {99AF9A4C-BC59-4F93-9B50-5DF1493E4BBD}
		{9AED1DE9-9FA2-4BDF-9121-4E05A168CF08} = {60C95507-501B-4BA4-B2AF-804539AB3CEB}
		{898BD586-8721-454E-A7D7-DAB5D2AD14ED} = {587DF704-BD3F-41FF-A468-289BB83BBEF7}
		{467190A6-100E-44AD-B09F-C74104C53551} = {73CF8F5A-07F9-477C-8F47-507158E4C68C}
		{10250074-AD9C-411C-AA35-185A8B13F921} = {587DF704-BD3F-41FF-A468-289BB83BBEF7}
		{0ED3FC86-FF90-422F-BCBF-96BAF57E0BBE} = {73CF8F5A-07F9-477C-8F47-507158E4C68C}
		{54013C36-4B3C-460F-A04A-D1C5D7C5FE55} = {73CF8F5A-07F9-477C-8F47-507158E4C68C}
	EndGlobalSection
	GlobalSection(ExtensibilityGlobals) = postSolution
		SolutionGuid = {A8055563-076B-434F-9578-B8CAA10E458E}
	EndGlobalSection
EndGlobal
